{
  "pins" : [
    {
      "identity" : "defaults",
      "kind" : "remoteSourceControl",
      "location" : "https://github.com/sindresorhus/Defaults.git",
      "state" : {
        "branch" : "main",
        "revision" : "d8a9f5105607c85b544558e7f5b51d6c360ba88b"
      }
    },
    {
      "identity" : "dswaveformimage",
      "kind" : "remoteSourceControl",
      "location" : "https://github.com/dmrschmidt/DSWaveformImage.git",
      "state" : {
        "revision" : "e670b8da140c39036f171b9754ed25126b8d414b",
        "version" : "13.0.2"
      }
    }
  ],
  "version" : 2
}
