{
  "pins" : [
    {
      "identity" : "dswaveformimage",
      "kind" : "remoteSourceControl",
      "location" : "https://github.com/dmrschmidt/DSWaveformImage.git",
      "state" : {
        "revision" : "e670b8da140c39036f171b9754ed25126b8d414b",
        "version" : "13.0.2"
      }
    }
  ],
  "version" : 2
}
