{
  "pins" : [
    {
      "identity" : "dswaveformimage",
      "kind" : "remoteSourceControl",
      "location" : "https://github.com/dmrschmidt/DSWaveformImage.git",
      "state" : {
        "revision" : "8253ffa3bdd2734e24decfaa65ccf8df7126b532",
        "version" : "13.0.1"
      }
    }
  ],
  "version" : 2
}
