// !$*UTF8*$!
{
	archiveVersion = 1;
	classes = {
	};
	objectVersion = 56;
	objects = {

/* Begin PBXBuildFile section */
		0236343E288A96D3008A0944 /* RecorderBar.swift in Sources */ = {isa = PBXBuildFile; fileRef = 0236343D288A96D3008A0944 /* RecorderBar.swift */; };
		027811B92889753F00A4A61D /* PitchpinApp.swift in Sources */ = {isa = PBXBuildFile; fileRef = 027811B82889753F00A4A61D /* PitchpinApp.swift */; };
		027811BB2889753F00A4A61D /* Persistence.swift in Sources */ = {isa = PBXBuildFile; fileRef = 027811BA2889753F00A4A61D /* Persistence.swift */; };
		027811BE2889753F00A4A61D /* VoiceRecTest.xcdatamodeld in Sources */ = {isa = PBXBuildFile; fileRef = 027811BC2889753F00A4A61D /* VoiceRecTest.xcdatamodeld */; };
		027811C02889753F00A4A61D /* ContentView.swift in Sources */ = {isa = PBXBuildFile; fileRef = 027811BF2889753F00A4A61D /* ContentView.swift */; };
		027811C22889754300A4A61D /* Assets.xcassets in Resources */ = {isa = PBXBuildFile; fileRef = 027811C12889754300A4A61D /* Assets.xcassets */; };
		027811C62889754300A4A61D /* Preview Assets.xcassets in Resources */ = {isa = PBXBuildFile; fileRef = 027811C52889754300A4A61D /* Preview Assets.xcassets */; };
		027811D428897A5600A4A61D /* Extensions.swift in Sources */ = {isa = PBXBuildFile; fileRef = 027811D328897A5600A4A61D /* Extensions.swift */; };
		027811D728897A8600A4A61D /* AudioRecorder.swift in Sources */ = {isa = PBXBuildFile; fileRef = 027811D628897A8600A4A61D /* AudioRecorder.swift */; };
		027811D928897A9900A4A61D /* AudioPlayer.swift in Sources */ = {isa = PBXBuildFile; fileRef = 027811D828897A9900A4A61D /* AudioPlayer.swift */; };
		027811DB28897AD200A4A61D /* RecordingsList.swift in Sources */ = {isa = PBXBuildFile; fileRef = 027811DA28897AD200A4A61D /* RecordingsList.swift */; };
		027811DD2889932100A4A61D /* PlayerBar.swift in Sources */ = {isa = PBXBuildFile; fileRef = 027811DC2889932100A4A61D /* PlayerBar.swift */; };
		594D2A4D2A5D241A00EA231C /* SCAudioManager.m in Sources */ = {isa = PBXBuildFile; fileRef = 594D2A4B2A5D241900EA231C /* SCAudioManager.m */; };
		594D2A4F2A5D243600EA231C /* WaveformManager.swift in Sources */ = {isa = PBXBuildFile; fileRef = 594D2A4E2A5D243600EA231C /* WaveformManager.swift */; };
		59BFFD022A5E47C0007B5EBE /* RoundedCorner.swift in Sources */ = {isa = PBXBuildFile; fileRef = 59BFFD012A5E47C0007B5EBE /* RoundedCorner.swift */; };
		59D7178B2A7DCFD0005B0C49 /* DSWaveformImage in Frameworks */ = {isa = PBXBuildFile; productRef = 59D7178A2A7DCFD0005B0C49 /* DSWaveformImage */; };
		59D7178D2A7DCFD0005B0C49 /* DSWaveformImageViews in Frameworks */ = {isa = PBXBuildFile; productRef = 59D7178C2A7DCFD0005B0C49 /* DSWaveformImageViews */; };
/* End PBXBuildFile section */

/* Begin PBXFileReference section */
		0236343D288A96D3008A0944 /* RecorderBar.swift */ = {isa = PBXFileReference; lastKnownFileType = sourcecode.swift; path = RecorderBar.swift; sourceTree = "<group>"; };
		027811B52889753F00A4A61D /* Pitchpin.app */ = {isa = PBXFileReference; explicitFileType = wrapper.application; includeInIndex = 0; path = Pitchpin.app; sourceTree = BUILT_PRODUCTS_DIR; };
		027811B82889753F00A4A61D /* PitchpinApp.swift */ = {isa = PBXFileReference; lastKnownFileType = sourcecode.swift; path = PitchpinApp.swift; sourceTree = "<group>"; };
		027811BA2889753F00A4A61D /* Persistence.swift */ = {isa = PBXFileReference; lastKnownFileType = sourcecode.swift; path = Persistence.swift; sourceTree = "<group>"; };
		027811BD2889753F00A4A61D /* VoiceRecTest.xcdatamodel */ = {isa = PBXFileReference; lastKnownFileType = wrapper.xcdatamodel; path = VoiceRecTest.xcdatamodel; sourceTree = "<group>"; };
		027811BF2889753F00A4A61D /* ContentView.swift */ = {isa = PBXFileReference; lastKnownFileType = sourcecode.swift; path = ContentView.swift; sourceTree = "<group>"; };
		027811C12889754300A4A61D /* Assets.xcassets */ = {isa = PBXFileReference; lastKnownFileType = folder.assetcatalog; path = Assets.xcassets; sourceTree = "<group>"; };
		027811C32889754300A4A61D /* Pitchpin.entitlements */ = {isa = PBXFileReference; lastKnownFileType = text.plist.entitlements; path = Pitchpin.entitlements; sourceTree = "<group>"; };
		027811C52889754300A4A61D /* Preview Assets.xcassets */ = {isa = PBXFileReference; lastKnownFileType = folder.assetcatalog; path = "Preview Assets.xcassets"; sourceTree = "<group>"; };
		027811D328897A5600A4A61D /* Extensions.swift */ = {isa = PBXFileReference; lastKnownFileType = sourcecode.swift; path = Extensions.swift; sourceTree = "<group>"; };
		027811D628897A8600A4A61D /* AudioRecorder.swift */ = {isa = PBXFileReference; lastKnownFileType = sourcecode.swift; path = AudioRecorder.swift; sourceTree = "<group>"; };
		027811D828897A9900A4A61D /* AudioPlayer.swift */ = {isa = PBXFileReference; lastKnownFileType = sourcecode.swift; path = AudioPlayer.swift; sourceTree = "<group>"; };
		027811DA28897AD200A4A61D /* RecordingsList.swift */ = {isa = PBXFileReference; lastKnownFileType = sourcecode.swift; path = RecordingsList.swift; sourceTree = "<group>"; };
		027811DC2889932100A4A61D /* PlayerBar.swift */ = {isa = PBXFileReference; lastKnownFileType = sourcecode.swift; path = PlayerBar.swift; sourceTree = "<group>"; };
		594D2A4A2A5D241900EA231C /* Pitchpin-Bridging-Header.h */ = {isa = PBXFileReference; lastKnownFileType = sourcecode.c.h; path = "Pitchpin-Bridging-Header.h"; sourceTree = "<group>"; };
		594D2A4B2A5D241900EA231C /* SCAudioManager.m */ = {isa = PBXFileReference; fileEncoding = 4; lastKnownFileType = sourcecode.c.objc; path = SCAudioManager.m; sourceTree = "<group>"; };
		594D2A4C2A5D241A00EA231C /* SCAudioManager.h */ = {isa = PBXFileReference; fileEncoding = 4; lastKnownFileType = sourcecode.c.h; path = SCAudioManager.h; sourceTree = "<group>"; };
		594D2A4E2A5D243600EA231C /* WaveformManager.swift */ = {isa = PBXFileReference; lastKnownFileType = sourcecode.swift; path = WaveformManager.swift; sourceTree = "<group>"; };
		59BFFD012A5E47C0007B5EBE /* RoundedCorner.swift */ = {isa = PBXFileReference; lastKnownFileType = sourcecode.swift; path = RoundedCorner.swift; sourceTree = "<group>"; };
/* End PBXFileReference section */

/* Begin PBXFrameworksBuildPhase section */
		027811B22889753F00A4A61D /* Frameworks */ = {
			isa = PBXFrameworksBuildPhase;
			buildActionMask = 2147483647;
			files = (
				59D7178B2A7DCFD0005B0C49 /* DSWaveformImage in Frameworks */,
				59D7178D2A7DCFD0005B0C49 /* DSWaveformImageViews in Frameworks */,
			);
			runOnlyForDeploymentPostprocessing = 0;
		};
/* End PBXFrameworksBuildPhase section */

/* Begin PBXGroup section */
		027811AC2889753F00A4A61D = {
			isa = PBXGroup;
			children = (
				594D2A4A2A5D241900EA231C /* Pitchpin-Bridging-Header.h */,
				027811D328897A5600A4A61D /* Extensions.swift */,
				59C6179E2A650177003F8100 /* Waveform */,
				59C6179D2A65016C003F8100 /* Audio */,
				027811B72889753F00A4A61D /* Pitchpin */,
				027811B62889753F00A4A61D /* Products */,
				59BFFCFB2A5D2819007B5EBE /* Frameworks */,
			);
			sourceTree = "<group>";
		};
		027811B62889753F00A4A61D /* Products */ = {
			isa = PBXGroup;
			children = (
				027811B52889753F00A4A61D /* Pitchpin.app */,
			);
			name = Products;
			sourceTree = "<group>";
		};
		027811B72889753F00A4A61D /* Pitchpin */ = {
			isa = PBXGroup;
			children = (
				59BFFD012A5E47C0007B5EBE /* RoundedCorner.swift */,
				027811BF2889753F00A4A61D /* ContentView.swift */,
				027811DA28897AD200A4A61D /* RecordingsList.swift */,
				027811DC2889932100A4A61D /* PlayerBar.swift */,
				0236343D288A96D3008A0944 /* RecorderBar.swift */,
				027811B82889753F00A4A61D /* PitchpinApp.swift */,
				027811DE28899C9100A4A61D /* CoreData */,
				027811C12889754300A4A61D /* Assets.xcassets */,
				027811C32889754300A4A61D /* Pitchpin.entitlements */,
				027811BC2889753F00A4A61D /* VoiceRecTest.xcdatamodeld */,
				027811C42889754300A4A61D /* Preview Content */,
			);
			path = Pitchpin;
			sourceTree = "<group>";
		};
		027811C42889754300A4A61D /* Preview Content */ = {
			isa = PBXGroup;
			children = (
				027811C52889754300A4A61D /* Preview Assets.xcassets */,
			);
			path = "Preview Content";
			sourceTree = "<group>";
		};
		027811DE28899C9100A4A61D /* CoreData */ = {
			isa = PBXGroup;
			children = (
				027811BA2889753F00A4A61D /* Persistence.swift */,
			);
			path = CoreData;
			sourceTree = "<group>";
		};
		59BFFCFB2A5D2819007B5EBE /* Frameworks */ = {
			isa = PBXGroup;
			children = (
			);
			name = Frameworks;
			sourceTree = "<group>";
		};
		59C6179D2A65016C003F8100 /* Audio */ = {
			isa = PBXGroup;
			children = (
				027811D628897A8600A4A61D /* AudioRecorder.swift */,
				027811D828897A9900A4A61D /* AudioPlayer.swift */,
			);
			path = Audio;
			sourceTree = "<group>";
		};
		59C6179E2A650177003F8100 /* Waveform */ = {
			isa = PBXGroup;
			children = (
				594D2A4E2A5D243600EA231C /* WaveformManager.swift */,
				594D2A4C2A5D241A00EA231C /* SCAudioManager.h */,
				594D2A4B2A5D241900EA231C /* SCAudioManager.m */,
			);
			path = Waveform;
			sourceTree = "<group>";
		};
/* End PBXGroup section */

/* Begin PBXNativeTarget section */
		027811B42889753F00A4A61D /* Pitchpin */ = {
			isa = PBXNativeTarget;
			buildConfigurationList = 027811C92889754300A4A61D /* Build configuration list for PBXNativeTarget "Pitchpin" */;
			buildPhases = (
				027811B12889753F00A4A61D /* Sources */,
				027811B22889753F00A4A61D /* Frameworks */,
				027811B32889753F00A4A61D /* Resources */,
			);
			buildRules = (
			);
			dependencies = (
			);
			name = Pitchpin;
			packageProductDependencies = (
				59D7178A2A7DCFD0005B0C49 /* DSWaveformImage */,
				59D7178C2A7DCFD0005B0C49 /* DSWaveformImageViews */,
			);
			productName = VoiceRecTest;
			productReference = 027811B52889753F00A4A61D /* Pitchpin.app */;
			productType = "com.apple.product-type.application";
		};
/* End PBXNativeTarget section */

/* Begin PBXProject section */
		027811AD2889753F00A4A61D /* Project object */ = {
			isa = PBXProject;
			attributes = {
				BuildIndependentTargetsInParallel = 1;
				LastSwiftUpdateCheck = 1400;
				LastUpgradeCheck = 1500;
				TargetAttributes = {
					027811B42889753F00A4A61D = {
						CreatedOnToolsVersion = 14.0;
						LastSwiftMigration = 1500;
					};
				};
			};
			buildConfigurationList = 027811B02889753F00A4A61D /* Build configuration list for PBXProject "Pitchpin" */;
			compatibilityVersion = "Xcode 14.0";
			developmentRegion = en;
			hasScannedForEncodings = 0;
			knownRegions = (
				en,
				Base,
			);
			mainGroup = 027811AC2889753F00A4A61D;
			packageReferences = (
				59D717892A7DCFD0005B0C49 /* XCRemoteSwiftPackageReference "DSWaveformImage" */,
			);
			productRefGroup = 027811B62889753F00A4A61D /* Products */;
			projectDirPath = "";
			projectRoot = "";
			targets = (
				027811B42889753F00A4A61D /* Pitchpin */,
			);
		};
/* End PBXProject section */

/* Begin PBXResourcesBuildPhase section */
		027811B32889753F00A4A61D /* Resources */ = {
			isa = PBXResourcesBuildPhase;
			buildActionMask = 2147483647;
			files = (
				027811C62889754300A4A61D /* Preview Assets.xcassets in Resources */,
				027811C22889754300A4A61D /* Assets.xcassets in Resources */,
			);
			runOnlyForDeploymentPostprocessing = 0;
		};
/* End PBXResourcesBuildPhase section */

/* Begin PBXSourcesBuildPhase section */
		027811B12889753F00A4A61D /* Sources */ = {
			isa = PBXSourcesBuildPhase;
			buildActionMask = 2147483647;
			files = (
				594D2A4D2A5D241A00EA231C /* SCAudioManager.m in Sources */,
				027811B92889753F00A4A61D /* PitchpinApp.swift in Sources */,
				027811BB2889753F00A4A61D /* Persistence.swift in Sources */,
				027811D928897A9900A4A61D /* AudioPlayer.swift in Sources */,
				59BFFD022A5E47C0007B5EBE /* RoundedCorner.swift in Sources */,
				0236343E288A96D3008A0944 /* RecorderBar.swift in Sources */,
				027811C02889753F00A4A61D /* ContentView.swift in Sources */,
				027811BE2889753F00A4A61D /* VoiceRecTest.xcdatamodeld in Sources */,
				027811DD2889932100A4A61D /* PlayerBar.swift in Sources */,
				027811DB28897AD200A4A61D /* RecordingsList.swift in Sources */,
				027811D728897A8600A4A61D /* AudioRecorder.swift in Sources */,
				594D2A4F2A5D243600EA231C /* WaveformManager.swift in Sources */,
				027811D428897A5600A4A61D /* Extensions.swift in Sources */,
			);
			runOnlyForDeploymentPostprocessing = 0;
		};
/* End PBXSourcesBuildPhase section */

/* Begin XCBuildConfiguration section */
		027811C72889754300A4A61D /* Debug */ = {
			isa = XCBuildConfiguration;
			buildSettings = {
				ALWAYS_SEARCH_USER_PATHS = NO;
				ASSETCATALOG_COMPILER_GENERATE_SWIFT_ASSET_SYMBOL_EXTENSIONS = YES;
				CLANG_ANALYZER_NONNULL = YES;
				CLANG_ANALYZER_NUMBER_OBJECT_CONVERSION = YES_AGGRESSIVE;
				CLANG_CXX_LANGUAGE_STANDARD = "gnu++20";
				CLANG_ENABLE_MODULES = YES;
				CLANG_ENABLE_OBJC_ARC = YES;
				CLANG_ENABLE_OBJC_WEAK = YES;
				CLANG_WARN_BLOCK_CAPTURE_AUTORELEASING = YES;
				CLANG_WARN_BOOL_CONVERSION = YES;
				CLANG_WARN_COMMA = YES;
				CLANG_WARN_CONSTANT_CONVERSION = YES;
				CLANG_WARN_DEPRECATED_OBJC_IMPLEMENTATIONS = YES;
				CLANG_WARN_DIRECT_OBJC_ISA_USAGE = YES_ERROR;
				CLANG_WARN_DOCUMENTATION_COMMENTS = YES;
				CLANG_WARN_EMPTY_BODY = YES;
				CLANG_WARN_ENUM_CONVERSION = YES;
				CLANG_WARN_INFINITE_RECURSION = YES;
				CLANG_WARN_INT_CONVERSION = YES;
				CLANG_WARN_NON_LITERAL_NULL_CONVERSION = YES;
				CLANG_WARN_OBJC_IMPLICIT_RETAIN_SELF = YES;
				CLANG_WARN_OBJC_LITERAL_CONVERSION = YES;
				CLANG_WARN_OBJC_ROOT_CLASS = YES_ERROR;
				CLANG_WARN_QUOTED_INCLUDE_IN_FRAMEWORK_HEADER = YES;
				CLANG_WARN_RANGE_LOOP_ANALYSIS = YES;
				CLANG_WARN_STRICT_PROTOTYPES = YES;
				CLANG_WARN_SUSPICIOUS_MOVE = YES;
				CLANG_WARN_UNGUARDED_AVAILABILITY = YES_AGGRESSIVE;
				CLANG_WARN_UNREACHABLE_CODE = YES;
				CLANG_WARN__DUPLICATE_METHOD_MATCH = YES;
				COPY_PHASE_STRIP = NO;
				DEAD_CODE_STRIPPING = YES;
				DEBUG_INFORMATION_FORMAT = dwarf;
				ENABLE_STRICT_OBJC_MSGSEND = YES;
				ENABLE_TESTABILITY = YES;
				ENABLE_USER_SCRIPT_SANDBOXING = YES;
				GCC_C_LANGUAGE_STANDARD = gnu11;
				GCC_DYNAMIC_NO_PIC = NO;
				GCC_NO_COMMON_BLOCKS = YES;
				GCC_OPTIMIZATION_LEVEL = 0;
				GCC_PREPROCESSOR_DEFINITIONS = (
					"DEBUG=1",
					"$(inherited)",
				);
				GCC_WARN_64_TO_32_BIT_CONVERSION = YES;
				GCC_WARN_ABOUT_RETURN_TYPE = YES_ERROR;
				GCC_WARN_UNDECLARED_SELECTOR = YES;
				GCC_WARN_UNINITIALIZED_AUTOS = YES_AGGRESSIVE;
				GCC_WARN_UNUSED_FUNCTION = YES;
				GCC_WARN_UNUSED_VARIABLE = YES;
				MTL_ENABLE_DEBUG_INFO = INCLUDE_SOURCE;
				MTL_FAST_MATH = YES;
				ONLY_ACTIVE_ARCH = YES;
				SWIFT_ACTIVE_COMPILATION_CONDITIONS = DEBUG;
				SWIFT_OPTIMIZATION_LEVEL = "-Onone";
			};
			name = Debug;
		};
		027811C82889754300A4A61D /* Release */ = {
			isa = XCBuildConfiguration;
			buildSettings = {
				ALWAYS_SEARCH_USER_PATHS = NO;
				ASSETCATALOG_COMPILER_GENERATE_SWIFT_ASSET_SYMBOL_EXTENSIONS = YES;
				CLANG_ANALYZER_NONNULL = YES;
				CLANG_ANALYZER_NUMBER_OBJECT_CONVERSION = YES_AGGRESSIVE;
				CLANG_CXX_LANGUAGE_STANDARD = "gnu++20";
				CLANG_ENABLE_MODULES = YES;
				CLANG_ENABLE_OBJC_ARC = YES;
				CLANG_ENABLE_OBJC_WEAK = YES;
				CLANG_WARN_BLOCK_CAPTURE_AUTORELEASING = YES;
				CLANG_WARN_BOOL_CONVERSION = YES;
				CLANG_WARN_COMMA = YES;
				CLANG_WARN_CONSTANT_CONVERSION = YES;
				CLANG_WARN_DEPRECATED_OBJC_IMPLEMENTATIONS = YES;
				CLANG_WARN_DIRECT_OBJC_ISA_USAGE = YES_ERROR;
				CLANG_WARN_DOCUMENTATION_COMMENTS = YES;
				CLANG_WARN_EMPTY_BODY = YES;
				CLANG_WARN_ENUM_CONVERSION = YES;
				CLANG_WARN_INFINITE_RECURSION = YES;
				CLANG_WARN_INT_CONVERSION = YES;
				CLANG_WARN_NON_LITERAL_NULL_CONVERSION = YES;
				CLANG_WARN_OBJC_IMPLICIT_RETAIN_SELF = YES;
				CLANG_WARN_OBJC_LITERAL_CONVERSION = YES;
				CLANG_WARN_OBJC_ROOT_CLASS = YES_ERROR;
				CLANG_WARN_QUOTED_INCLUDE_IN_FRAMEWORK_HEADER = YES;
				CLANG_WARN_RANGE_LOOP_ANALYSIS = YES;
				CLANG_WARN_STRICT_PROTOTYPES = YES;
				CLANG_WARN_SUSPICIOUS_MOVE = YES;
				CLANG_WARN_UNGUARDED_AVAILABILITY = YES_AGGRESSIVE;
				CLANG_WARN_UNREACHABLE_CODE = YES;
				CLANG_WARN__DUPLICATE_METHOD_MATCH = YES;
				COPY_PHASE_STRIP = NO;
				DEAD_CODE_STRIPPING = YES;
				DEBUG_INFORMATION_FORMAT = "dwarf-with-dsym";
				ENABLE_NS_ASSERTIONS = NO;
				ENABLE_STRICT_OBJC_MSGSEND = YES;
				ENABLE_USER_SCRIPT_SANDBOXING = YES;
				GCC_C_LANGUAGE_STANDARD = gnu11;
				GCC_NO_COMMON_BLOCKS = YES;
				GCC_WARN_64_TO_32_BIT_CONVERSION = YES;
				GCC_WARN_ABOUT_RETURN_TYPE = YES_ERROR;
				GCC_WARN_UNDECLARED_SELECTOR = YES;
				GCC_WARN_UNINITIALIZED_AUTOS = YES_AGGRESSIVE;
				GCC_WARN_UNUSED_FUNCTION = YES;
				GCC_WARN_UNUSED_VARIABLE = YES;
				MTL_ENABLE_DEBUG_INFO = NO;
				MTL_FAST_MATH = YES;
				SWIFT_COMPILATION_MODE = wholemodule;
				SWIFT_OPTIMIZATION_LEVEL = "-O";
			};
			name = Release;
		};
		027811CA2889754300A4A61D /* Debug */ = {
			isa = XCBuildConfiguration;
			buildSettings = {
				ASSETCATALOG_COMPILER_APPICON_NAME = AppIcon;
				ASSETCATALOG_COMPILER_GLOBAL_ACCENT_COLOR_NAME = AccentColor;
				CLANG_ENABLE_MODULES = YES;
				CODE_SIGN_ENTITLEMENTS = Pitchpin/Pitchpin.entitlements;
				CODE_SIGN_STYLE = Automatic;
				CURRENT_PROJECT_VERSION = 1;
				DEAD_CODE_STRIPPING = YES;
				DEVELOPMENT_ASSET_PATHS = "\"Pitchpin/Preview Content\"";
				DEVELOPMENT_TEAM = E2RJE8M8Y3;
				ENABLE_HARDENED_RUNTIME = YES;
				ENABLE_PREVIEWS = YES;
				GENERATE_INFOPLIST_FILE = YES;
				INFOPLIST_KEY_CFBundleDisplayName = Pitchpin;
				INFOPLIST_KEY_LSApplicationCategoryType = "public.app-category.utilities";
				INFOPLIST_KEY_NSMicrophoneUsageDescription = "Need access to the microphone in order to record audio";
				"INFOPLIST_KEY_UIApplicationSceneManifest_Generation[sdk=iphoneos*]" = YES;
				"INFOPLIST_KEY_UIApplicationSceneManifest_Generation[sdk=iphonesimulator*]" = YES;
				"INFOPLIST_KEY_UIApplicationSupportsIndirectInputEvents[sdk=iphoneos*]" = YES;
				"INFOPLIST_KEY_UIApplicationSupportsIndirectInputEvents[sdk=iphonesimulator*]" = YES;
				"INFOPLIST_KEY_UILaunchScreen_Generation[sdk=iphoneos*]" = YES;
				"INFOPLIST_KEY_UILaunchScreen_Generation[sdk=iphonesimulator*]" = YES;
				INFOPLIST_KEY_UISupportedInterfaceOrientations = "UIInterfaceOrientationPortrait UIInterfaceOrientationPortraitUpsideDown";
				INFOPLIST_KEY_UISupportedInterfaceOrientations_iPad = "UIInterfaceOrientationLandscapeLeft UIInterfaceOrientationLandscapeRight UIInterfaceOrientationPortrait UIInterfaceOrientationPortraitUpsideDown";
				IPHONEOS_DEPLOYMENT_TARGET = 15.0;
				LD_RUNPATH_SEARCH_PATHS = "@executable_path/Frameworks";
				"LD_RUNPATH_SEARCH_PATHS[sdk=macosx*]" = "@executable_path/../Frameworks";
				MACOSX_DEPLOYMENT_TARGET = 12.0;
				MARKETING_VERSION = 1.0;
				PRODUCT_BUNDLE_IDENTIFIER = com.adityasaravana.Pitchpin;
				PRODUCT_NAME = "$(TARGET_NAME)";
				SDKROOT = auto;
				SUPPORTED_PLATFORMS = "iphoneos iphonesimulator";
				SUPPORTS_MACCATALYST = NO;
				SWIFT_EMIT_LOC_STRINGS = YES;
				SWIFT_OBJC_BRIDGING_HEADER = "Pitchpin-Bridging-Header.h";
				SWIFT_OPTIMIZATION_LEVEL = "-Onone";
				SWIFT_VERSION = 5.0;
				TARGETED_DEVICE_FAMILY = "1,2";
			};
			name = Debug;
		};
		027811CB2889754300A4A61D /* Release */ = {
			isa = XCBuildConfiguration;
			buildSettings = {
				ASSETCATALOG_COMPILER_APPICON_NAME = AppIcon;
				ASSETCATALOG_COMPILER_GLOBAL_ACCENT_COLOR_NAME = AccentColor;
				CLANG_ENABLE_MODULES = YES;
				CODE_SIGN_ENTITLEMENTS = Pitchpin/Pitchpin.entitlements;
				CODE_SIGN_STYLE = Automatic;
				CURRENT_PROJECT_VERSION = 1;
				DEAD_CODE_STRIPPING = YES;
				DEVELOPMENT_ASSET_PATHS = "\"Pitchpin/Preview Content\"";
				DEVELOPMENT_TEAM = E2RJE8M8Y3;
				ENABLE_HARDENED_RUNTIME = YES;
				ENABLE_PREVIEWS = YES;
				GENERATE_INFOPLIST_FILE = YES;
				INFOPLIST_KEY_CFBundleDisplayName = Pitchpin;
				INFOPLIST_KEY_LSApplicationCategoryType = "public.app-category.utilities";
				INFOPLIST_KEY_NSMicrophoneUsageDescription = "Need access to the microphone in order to record audio";
				"INFOPLIST_KEY_UIApplicationSceneManifest_Generation[sdk=iphoneos*]" = YES;
				"INFOPLIST_KEY_UIApplicationSceneManifest_Generation[sdk=iphonesimulator*]" = YES;
				"INFOPLIST_KEY_UIApplicationSupportsIndirectInputEvents[sdk=iphoneos*]" = YES;
				"INFOPLIST_KEY_UIApplicationSupportsIndirectInputEvents[sdk=iphonesimulator*]" = YES;
				"INFOPLIST_KEY_UILaunchScreen_Generation[sdk=iphoneos*]" = YES;
				"INFOPLIST_KEY_UILaunchScreen_Generation[sdk=iphonesimulator*]" = YES;
				INFOPLIST_KEY_UISupportedInterfaceOrientations = "UIInterfaceOrientationPortrait UIInterfaceOrientationPortraitUpsideDown";
				INFOPLIST_KEY_UISupportedInterfaceOrientations_iPad = "UIInterfaceOrientationLandscapeLeft UIInterfaceOrientationLandscapeRight UIInterfaceOrientationPortrait UIInterfaceOrientationPortraitUpsideDown";
				IPHONEOS_DEPLOYMENT_TARGET = 15.0;
				LD_RUNPATH_SEARCH_PATHS = "@executable_path/Frameworks";
				"LD_RUNPATH_SEARCH_PATHS[sdk=macosx*]" = "@executable_path/../Frameworks";
				MACOSX_DEPLOYMENT_TARGET = 12.0;
				MARKETING_VERSION = 1.0;
				PRODUCT_BUNDLE_IDENTIFIER = com.adityasaravana.Pitchpin;
				PRODUCT_NAME = "$(TARGET_NAME)";
				SDKROOT = auto;
				SUPPORTED_PLATFORMS = "iphoneos iphonesimulator";
				SUPPORTS_MACCATALYST = NO;
				SWIFT_EMIT_LOC_STRINGS = YES;
				SWIFT_OBJC_BRIDGING_HEADER = "Pitchpin-Bridging-Header.h";
				SWIFT_VERSION = 5.0;
				TARGETED_DEVICE_FAMILY = "1,2";
			};
			name = Release;
		};
/* End XCBuildConfiguration section */

/* Begin XCConfigurationList section */
		027811B02889753F00A4A61D /* Build configuration list for PBXProject "Pitchpin" */ = {
			isa = XCConfigurationList;
			buildConfigurations = (
				027811C72889754300A4A61D /* Debug */,
				027811C82889754300A4A61D /* Release */,
			);
			defaultConfigurationIsVisible = 0;
			defaultConfigurationName = Release;
		};
		027811C92889754300A4A61D /* Build configuration list for PBXNativeTarget "Pitchpin" */ = {
			isa = XCConfigurationList;
			buildConfigurations = (
				027811CA2889754300A4A61D /* Debug */,
				027811CB2889754300A4A61D /* Release */,
			);
			defaultConfigurationIsVisible = 0;
			defaultConfigurationName = Release;
		};
/* End XCConfigurationList section */

/* Begin XCRemoteSwiftPackageReference section */
		59D717892A7DCFD0005B0C49 /* XCRemoteSwiftPackageReference "DSWaveformImage" */ = {
			isa = XCRemoteSwiftPackageReference;
			repositoryURL = "https://github.com/dmrschmidt/DSWaveformImage.git";
			requirement = {
				kind = upToNextMajorVersion;
				minimumVersion = 13.0.2;
			};
		};
/* End XCRemoteSwiftPackageReference section */

/* Begin XCSwiftPackageProductDependency section */
		59D7178A2A7DCFD0005B0C49 /* DSWaveformImage */ = {
			isa = XCSwiftPackageProductDependency;
			package = 59D717892A7DCFD0005B0C49 /* XCRemoteSwiftPackageReference "DSWaveformImage" */;
			productName = DSWaveformImage;
		};
		59D7178C2A7DCFD0005B0C49 /* DSWaveformImageViews */ = {
			isa = XCSwiftPackageProductDependency;
			package = 59D717892A7DCFD0005B0C49 /* XCRemoteSwiftPackageReference "DSWaveformImage" */;
			productName = DSWaveformImageViews;
		};
/* End XCSwiftPackageProductDependency section */

/* Begin XCVersionGroup section */
		027811BC2889753F00A4A61D /* VoiceRecTest.xcdatamodeld */ = {
			isa = XCVersionGroup;
			children = (
				027811BD2889753F00A4A61D /* VoiceRecTest.xcdatamodel */,
			);
			currentVersion = 027811BD2889753F00A4A61D /* VoiceRecTest.xcdatamodel */;
			path = VoiceRecTest.xcdatamodeld;
			sourceTree = "<group>";
			versionGroupType = wrapper.xcdatamodel;
		};
/* End XCVersionGroup section */
	};
	rootObject = 027811AD2889753F00A4A61D /* Project object */;
}
