// !$*UTF8*$!
{
	archiveVersion = 1;
	classes = {
	};
	objectVersion = 56;
	objects = {

/* Begin PBXBuildFile section */
		59FF73F42A594BE600749B23 /* PitchpinApp.swift in Sources */ = {isa = PBXBuildFile; fileRef = 59FF73F32A594BE600749B23 /* PitchpinApp.swift */; };
		59FF73F62A594BE600749B23 /* ContentView.swift in Sources */ = {isa = PBXBuildFile; fileRef = 59FF73F52A594BE600749B23 /* ContentView.swift */; };
		59FF73F82A594BE700749B23 /* Assets.xcassets in Resources */ = {isa = PBXBuildFile; fileRef = 59FF73F72A594BE700749B23 /* Assets.xcassets */; };
		59FF73FB2A594BE700749B23 /* Preview Assets.xcassets in Resources */ = {isa = PBXBuildFile; fileRef = 59FF73FA2A594BE700749B23 /* Preview Assets.xcassets */; };
		59FF74042A594CEF00749B23 /* Pin.swift in Sources */ = {isa = PBXBuildFile; fileRef = 59FF74032A594CEF00749B23 /* Pin.swift */; };
		59FF74062A594D4900749B23 /* Recording.swift in Sources */ = {isa = PBXBuildFile; fileRef = 59FF74052A594D4900749B23 /* Recording.swift */; };
		59FF74082A5A8AE700749B23 /* AudioManager.swift in Sources */ = {isa = PBXBuildFile; fileRef = 59FF74072A5A8AE700749B23 /* AudioManager.swift */; };
		59FF740A2A5A8B0500749B23 /* RecordingsView.swift in Sources */ = {isa = PBXBuildFile; fileRef = 59FF74092A5A8B0500749B23 /* RecordingsView.swift */; };
		59FF740C2A5A8FD900749B23 /* RecordButton.swift in Sources */ = {isa = PBXBuildFile; fileRef = 59FF740B2A5A8FD900749B23 /* RecordButton.swift */; };
/* End PBXBuildFile section */

/* Begin PBXFileReference section */
		59FF73F02A594BE600749B23 /* Pitchpin.app */ = {isa = PBXFileReference; explicitFileType = wrapper.application; includeInIndex = 0; path = Pitchpin.app; sourceTree = BUILT_PRODUCTS_DIR; };
		59FF73F32A594BE600749B23 /* PitchpinApp.swift */ = {isa = PBXFileReference; lastKnownFileType = sourcecode.swift; path = PitchpinApp.swift; sourceTree = "<group>"; };
		59FF73F52A594BE600749B23 /* ContentView.swift */ = {isa = PBXFileReference; lastKnownFileType = sourcecode.swift; path = ContentView.swift; sourceTree = "<group>"; };
		59FF73F72A594BE700749B23 /* Assets.xcassets */ = {isa = PBXFileReference; lastKnownFileType = folder.assetcatalog; path = Assets.xcassets; sourceTree = "<group>"; };
		59FF73FA2A594BE700749B23 /* Preview Assets.xcassets */ = {isa = PBXFileReference; lastKnownFileType = folder.assetcatalog; path = "Preview Assets.xcassets"; sourceTree = "<group>"; };
		59FF74032A594CEF00749B23 /* Pin.swift */ = {isa = PBXFileReference; lastKnownFileType = sourcecode.swift; path = Pin.swift; sourceTree = "<group>"; };
		59FF74052A594D4900749B23 /* Recording.swift */ = {isa = PBXFileReference; lastKnownFileType = sourcecode.swift; path = Recording.swift; sourceTree = "<group>"; };
		59FF74072A5A8AE700749B23 /* AudioManager.swift */ = {isa = PBXFileReference; lastKnownFileType = sourcecode.swift; path = AudioManager.swift; sourceTree = "<group>"; };
		59FF74092A5A8B0500749B23 /* RecordingsView.swift */ = {isa = PBXFileReference; lastKnownFileType = sourcecode.swift; path = RecordingsView.swift; sourceTree = "<group>"; };
		59FF740B2A5A8FD900749B23 /* RecordButton.swift */ = {isa = PBXFileReference; lastKnownFileType = sourcecode.swift; path = RecordButton.swift; sourceTree = "<group>"; };
/* End PBXFileReference section */

/* Begin PBXFrameworksBuildPhase section */
		59FF73ED2A594BE600749B23 /* Frameworks */ = {
			isa = PBXFrameworksBuildPhase;
			buildActionMask = 2147483647;
			files = (
			);
			runOnlyForDeploymentPostprocessing = 0;
		};
/* End PBXFrameworksBuildPhase section */

/* Begin PBXGroup section */
		59FF73E72A594BE600749B23 = {
			isa = PBXGroup;
			children = (
				59FF74072A5A8AE700749B23 /* AudioManager.swift */,
				59FF74052A594D4900749B23 /* Recording.swift */,
				59FF74032A594CEF00749B23 /* Pin.swift */,
				59FF73F22A594BE600749B23 /* Pitchpin */,
				59FF73F12A594BE600749B23 /* Products */,
			);
			sourceTree = "<group>";
		};
		59FF73F12A594BE600749B23 /* Products */ = {
			isa = PBXGroup;
			children = (
				59FF73F02A594BE600749B23 /* Pitchpin.app */,
			);
			name = Products;
			sourceTree = "<group>";
		};
		59FF73F22A594BE600749B23 /* Pitchpin */ = {
			isa = PBXGroup;
			children = (
				59FF73F32A594BE600749B23 /* PitchpinApp.swift */,
				59FF73F52A594BE600749B23 /* ContentView.swift */,
				59FF74092A5A8B0500749B23 /* RecordingsView.swift */,
				59FF740B2A5A8FD900749B23 /* RecordButton.swift */,
				59FF73F72A594BE700749B23 /* Assets.xcassets */,
				59FF73F92A594BE700749B23 /* Preview Content */,
			);
			path = Pitchpin;
			sourceTree = "<group>";
		};
		59FF73F92A594BE700749B23 /* Preview Content */ = {
			isa = PBXGroup;
			children = (
				59FF73FA2A594BE700749B23 /* Preview Assets.xcassets */,
			);
			path = "Preview Content";
			sourceTree = "<group>";
		};
/* End PBXGroup section */

/* Begin PBXNativeTarget section */
		59FF73EF2A594BE600749B23 /* Pitchpin */ = {
			isa = PBXNativeTarget;
			buildConfigurationList = 59FF73FE2A594BE700749B23 /* Build configuration list for PBXNativeTarget "Pitchpin" */;
			buildPhases = (
				59FF73EC2A594BE600749B23 /* Sources */,
				59FF73ED2A594BE600749B23 /* Frameworks */,
				59FF73EE2A594BE600749B23 /* Resources */,
			);
			buildRules = (
			);
			dependencies = (
			);
			name = Pitchpin;
			productName = Pitchpin;
			productReference = 59FF73F02A594BE600749B23 /* Pitchpin.app */;
			productType = "com.apple.product-type.application";
		};
/* End PBXNativeTarget section */

/* Begin PBXProject section */
		59FF73E82A594BE600749B23 /* Project object */ = {
			isa = PBXProject;
			attributes = {
				BuildIndependentTargetsInParallel = 1;
				LastSwiftUpdateCheck = 1430;
				LastUpgradeCheck = 1430;
				TargetAttributes = {
					59FF73EF2A594BE600749B23 = {
						CreatedOnToolsVersion = 14.3.1;
					};
				};
			};
			buildConfigurationList = 59FF73EB2A594BE600749B23 /* Build configuration list for PBXProject "Pitchpin" */;
			compatibilityVersion = "Xcode 14.0";
			developmentRegion = en;
			hasScannedForEncodings = 0;
			knownRegions = (
				en,
				Base,
			);
			mainGroup = 59FF73E72A594BE600749B23;
			productRefGroup = 59FF73F12A594BE600749B23 /* Products */;
			projectDirPath = "";
			projectRoot = "";
			targets = (
				59FF73EF2A594BE600749B23 /* Pitchpin */,
			);
		};
/* End PBXProject section */

/* Begin PBXResourcesBuildPhase section */
		59FF73EE2A594BE600749B23 /* Resources */ = {
			isa = PBXResourcesBuildPhase;
			buildActionMask = 2147483647;
			files = (
				59FF73FB2A594BE700749B23 /* Preview Assets.xcassets in Resources */,
				59FF73F82A594BE700749B23 /* Assets.xcassets in Resources */,
			);
			runOnlyForDeploymentPostprocessing = 0;
		};
/* End PBXResourcesBuildPhase section */

/* Begin PBXSourcesBuildPhase section */
		59FF73EC2A594BE600749B23 /* Sources */ = {
			isa = PBXSourcesBuildPhase;
			buildActionMask = 2147483647;
			files = (
				59FF74062A594D4900749B23 /* Recording.swift in Sources */,
				59FF73F62A594BE600749B23 /* ContentView.swift in Sources */,
				59FF740A2A5A8B0500749B23 /* RecordingsView.swift in Sources */,
				59FF740C2A5A8FD900749B23 /* RecordButton.swift in Sources */,
				59FF73F42A594BE600749B23 /* PitchpinApp.swift in Sources */,
				59FF74082A5A8AE700749B23 /* AudioManager.swift in Sources */,
				59FF74042A594CEF00749B23 /* Pin.swift in Sources */,
			);
			runOnlyForDeploymentPostprocessing = 0;
		};
/* End PBXSourcesBuildPhase section */

/* Begin XCBuildConfiguration section */
		59FF73FC2A594BE700749B23 /* Debug */ = {
			isa = XCBuildConfiguration;
			buildSettings = {
				ALWAYS_SEARCH_USER_PATHS = NO;
				CLANG_ANALYZER_NONNULL = YES;
				CLANG_ANALYZER_NUMBER_OBJECT_CONVERSION = YES_AGGRESSIVE;
				CLANG_CXX_LANGUAGE_STANDARD = "gnu++20";
				CLANG_ENABLE_MODULES = YES;
				CLANG_ENABLE_OBJC_ARC = YES;
				CLANG_ENABLE_OBJC_WEAK = YES;
				CLANG_WARN_BLOCK_CAPTURE_AUTORELEASING = YES;
				CLANG_WARN_BOOL_CONVERSION = YES;
				CLANG_WARN_COMMA = YES;
				CLANG_WARN_CONSTANT_CONVERSION = YES;
				CLANG_WARN_DEPRECATED_OBJC_IMPLEMENTATIONS = YES;
				CLANG_WARN_DIRECT_OBJC_ISA_USAGE = YES_ERROR;
				CLANG_WARN_DOCUMENTATION_COMMENTS = YES;
				CLANG_WARN_EMPTY_BODY = YES;
				CLANG_WARN_ENUM_CONVERSION = YES;
				CLANG_WARN_INFINITE_RECURSION = YES;
				CLANG_WARN_INT_CONVERSION = YES;
				CLANG_WARN_NON_LITERAL_NULL_CONVERSION = YES;
				CLANG_WARN_OBJC_IMPLICIT_RETAIN_SELF = YES;
				CLANG_WARN_OBJC_LITERAL_CONVERSION = YES;
				CLANG_WARN_OBJC_ROOT_CLASS = YES_ERROR;
				CLANG_WARN_QUOTED_INCLUDE_IN_FRAMEWORK_HEADER = YES;
				CLANG_WARN_RANGE_LOOP_ANALYSIS = YES;
				CLANG_WARN_STRICT_PROTOTYPES = YES;
				CLANG_WARN_SUSPICIOUS_MOVE = YES;
				CLANG_WARN_UNGUARDED_AVAILABILITY = YES_AGGRESSIVE;
				CLANG_WARN_UNREACHABLE_CODE = YES;
				CLANG_WARN__DUPLICATE_METHOD_MATCH = YES;
				COPY_PHASE_STRIP = NO;
				DEBUG_INFORMATION_FORMAT = dwarf;
				ENABLE_STRICT_OBJC_MSGSEND = YES;
				ENABLE_TESTABILITY = YES;
				GCC_C_LANGUAGE_STANDARD = gnu11;
				GCC_DYNAMIC_NO_PIC = NO;
				GCC_NO_COMMON_BLOCKS = YES;
				GCC_OPTIMIZATION_LEVEL = 0;
				GCC_PREPROCESSOR_DEFINITIONS = (
					"DEBUG=1",
					"$(inherited)",
				);
				GCC_WARN_64_TO_32_BIT_CONVERSION = YES;
				GCC_WARN_ABOUT_RETURN_TYPE = YES_ERROR;
				GCC_WARN_UNDECLARED_SELECTOR = YES;
				GCC_WARN_UNINITIALIZED_AUTOS = YES_AGGRESSIVE;
				GCC_WARN_UNUSED_FUNCTION = YES;
				GCC_WARN_UNUSED_VARIABLE = YES;
				IPHONEOS_DEPLOYMENT_TARGET = 16.4;
				MTL_ENABLE_DEBUG_INFO = INCLUDE_SOURCE;
				MTL_FAST_MATH = YES;
				ONLY_ACTIVE_ARCH = YES;
				SDKROOT = iphoneos;
				SWIFT_ACTIVE_COMPILATION_CONDITIONS = DEBUG;
				SWIFT_OPTIMIZATION_LEVEL = "-Onone";
			};
			name = Debug;
		};
		59FF73FD2A594BE700749B23 /* Release */ = {
			isa = XCBuildConfiguration;
			buildSettings = {
				ALWAYS_SEARCH_USER_PATHS = NO;
				CLANG_ANALYZER_NONNULL = YES;
				CLANG_ANALYZER_NUMBER_OBJECT_CONVERSION = YES_AGGRESSIVE;
				CLANG_CXX_LANGUAGE_STANDARD = "gnu++20";
				CLANG_ENABLE_MODULES = YES;
				CLANG_ENABLE_OBJC_ARC = YES;
				CLANG_ENABLE_OBJC_WEAK = YES;
				CLANG_WARN_BLOCK_CAPTURE_AUTORELEASING = YES;
				CLANG_WARN_BOOL_CONVERSION = YES;
				CLANG_WARN_COMMA = YES;
				CLANG_WARN_CONSTANT_CONVERSION = YES;
				CLANG_WARN_DEPRECATED_OBJC_IMPLEMENTATIONS = YES;
				CLANG_WARN_DIRECT_OBJC_ISA_USAGE = YES_ERROR;
				CLANG_WARN_DOCUMENTATION_COMMENTS = YES;
				CLANG_WARN_EMPTY_BODY = YES;
				CLANG_WARN_ENUM_CONVERSION = YES;
				CLANG_WARN_INFINITE_RECURSION = YES;
				CLANG_WARN_INT_CONVERSION = YES;
				CLANG_WARN_NON_LITERAL_NULL_CONVERSION = YES;
				CLANG_WARN_OBJC_IMPLICIT_RETAIN_SELF = YES;
				CLANG_WARN_OBJC_LITERAL_CONVERSION = YES;
				CLANG_WARN_OBJC_ROOT_CLASS = YES_ERROR;
				CLANG_WARN_QUOTED_INCLUDE_IN_FRAMEWORK_HEADER = YES;
				CLANG_WARN_RANGE_LOOP_ANALYSIS = YES;
				CLANG_WARN_STRICT_PROTOTYPES = YES;
				CLANG_WARN_SUSPICIOUS_MOVE = YES;
				CLANG_WARN_UNGUARDED_AVAILABILITY = YES_AGGRESSIVE;
				CLANG_WARN_UNREACHABLE_CODE = YES;
				CLANG_WARN__DUPLICATE_METHOD_MATCH = YES;
				COPY_PHASE_STRIP = NO;
				DEBUG_INFORMATION_FORMAT = "dwarf-with-dsym";
				ENABLE_NS_ASSERTIONS = NO;
				ENABLE_STRICT_OBJC_MSGSEND = YES;
				GCC_C_LANGUAGE_STANDARD = gnu11;
				GCC_NO_COMMON_BLOCKS = YES;
				GCC_WARN_64_TO_32_BIT_CONVERSION = YES;
				GCC_WARN_ABOUT_RETURN_TYPE = YES_ERROR;
				GCC_WARN_UNDECLARED_SELECTOR = YES;
				GCC_WARN_UNINITIALIZED_AUTOS = YES_AGGRESSIVE;
				GCC_WARN_UNUSED_FUNCTION = YES;
				GCC_WARN_UNUSED_VARIABLE = YES;
				IPHONEOS_DEPLOYMENT_TARGET = 16.4;
				MTL_ENABLE_DEBUG_INFO = NO;
				MTL_FAST_MATH = YES;
				SDKROOT = iphoneos;
				SWIFT_COMPILATION_MODE = wholemodule;
				SWIFT_OPTIMIZATION_LEVEL = "-O";
				VALIDATE_PRODUCT = YES;
			};
			name = Release;
		};
		59FF73FF2A594BE700749B23 /* Debug */ = {
			isa = XCBuildConfiguration;
			buildSettings = {
				ASSETCATALOG_COMPILER_APPICON_NAME = AppIcon;
				ASSETCATALOG_COMPILER_GLOBAL_ACCENT_COLOR_NAME = AccentColor;
				CODE_SIGN_STYLE = Automatic;
				CURRENT_PROJECT_VERSION = 1;
				DEVELOPMENT_ASSET_PATHS = "\"Pitchpin/Preview Content\"";
				DEVELOPMENT_TEAM = E2RJE8M8Y3;
				ENABLE_PREVIEWS = YES;
				GENERATE_INFOPLIST_FILE = YES;
				INFOPLIST_KEY_NSMicrophoneUsageDescription = "Pitchpin needs microphone access to record your audio.";
				INFOPLIST_KEY_UIApplicationSceneManifest_Generation = YES;
				INFOPLIST_KEY_UIApplicationSupportsIndirectInputEvents = YES;
				INFOPLIST_KEY_UILaunchScreen_Generation = YES;
				INFOPLIST_KEY_UISupportedInterfaceOrientations_iPad = "UIInterfaceOrientationPortrait UIInterfaceOrientationPortraitUpsideDown UIInterfaceOrientationLandscapeLeft UIInterfaceOrientationLandscapeRight";
				INFOPLIST_KEY_UISupportedInterfaceOrientations_iPhone = "UIInterfaceOrientationPortrait UIInterfaceOrientationLandscapeLeft UIInterfaceOrientationLandscapeRight";
				LD_RUNPATH_SEARCH_PATHS = (
					"$(inherited)",
					"@executable_path/Frameworks",
				);
				MARKETING_VERSION = 1.0;
				PRODUCT_BUNDLE_IDENTIFIER = com.adityasaravana.Pitchpin;
				PRODUCT_NAME = "$(TARGET_NAME)";
				SWIFT_EMIT_LOC_STRINGS = YES;
				SWIFT_VERSION = 5.0;
				TARGETED_DEVICE_FAMILY = "1,2";
			};
			name = Debug;
		};
		59FF74002A594BE700749B23 /* Release */ = {
			isa = XCBuildConfiguration;
			buildSettings = {
				ASSETCATALOG_COMPILER_APPICON_NAME = AppIcon;
				ASSETCATALOG_COMPILER_GLOBAL_ACCENT_COLOR_NAME = AccentColor;
				CODE_SIGN_STYLE = Automatic;
				CURRENT_PROJECT_VERSION = 1;
				DEVELOPMENT_ASSET_PATHS = "\"Pitchpin/Preview Content\"";
				DEVELOPMENT_TEAM = E2RJE8M8Y3;
				ENABLE_PREVIEWS = YES;
				GENERATE_INFOPLIST_FILE = YES;
				INFOPLIST_KEY_NSMicrophoneUsageDescription = "Pitchpin needs microphone access to record your audio.";
				INFOPLIST_KEY_UIApplicationSceneManifest_Generation = YES;
				INFOPLIST_KEY_UIApplicationSupportsIndirectInputEvents = YES;
				INFOPLIST_KEY_UILaunchScreen_Generation = YES;
				INFOPLIST_KEY_UISupportedInterfaceOrientations_iPad = "UIInterfaceOrientationPortrait UIInterfaceOrientationPortraitUpsideDown UIInterfaceOrientationLandscapeLeft UIInterfaceOrientationLandscapeRight";
				INFOPLIST_KEY_UISupportedInterfaceOrientations_iPhone = "UIInterfaceOrientationPortrait UIInterfaceOrientationLandscapeLeft UIInterfaceOrientationLandscapeRight";
				LD_RUNPATH_SEARCH_PATHS = (
					"$(inherited)",
					"@executable_path/Frameworks",
				);
				MARKETING_VERSION = 1.0;
				PRODUCT_BUNDLE_IDENTIFIER = com.adityasaravana.Pitchpin;
				PRODUCT_NAME = "$(TARGET_NAME)";
				SWIFT_EMIT_LOC_STRINGS = YES;
				SWIFT_VERSION = 5.0;
				TARGETED_DEVICE_FAMILY = "1,2";
			};
			name = Release;
		};
/* End XCBuildConfiguration section */

/* Begin XCConfigurationList section */
		59FF73EB2A594BE600749B23 /* Build configuration list for PBXProject "Pitchpin" */ = {
			isa = XCConfigurationList;
			buildConfigurations = (
				59FF73FC2A594BE700749B23 /* Debug */,
				59FF73FD2A594BE700749B23 /* Release */,
			);
			defaultConfigurationIsVisible = 0;
			defaultConfigurationName = Release;
		};
		59FF73FE2A594BE700749B23 /* Build configuration list for PBXNativeTarget "Pitchpin" */ = {
			isa = XCConfigurationList;
			buildConfigurations = (
				59FF73FF2A594BE700749B23 /* Debug */,
				59FF74002A594BE700749B23 /* Release */,
			);
			defaultConfigurationIsVisible = 0;
			defaultConfigurationName = Release;
		};
/* End XCConfigurationList section */
	};
	rootObject = 59FF73E82A594BE600749B23 /* Project object */;
}
