{
  "pins" : [
    {
      "identity" : "dswaveformimage",
      "kind" : "remoteSourceControl",
      "location" : "https://github.com/dmrschmidt/DSWaveformImage.git",
      "state" : {
        "revision" : "8253ffa3bdd2734e24decfaa65ccf8df7126b532",
        "version" : "13.0.1"
      }
    },
    {
      "identity" : "modernavplayer",
      "kind" : "remoteSourceControl",
      "location" : "https://github.com/noreasonprojects/ModernAVPlayer.git",
      "state" : {
        "revision" : "ab16588b7b8e297255e2d8a7407eb89506af265b",
        "version" : "1.7.3"
      }
    },
    {
      "identity" : "rxswift",
      "kind" : "remoteSourceControl",
      "location" : "https://github.com/ReactiveX/RxSwift.git",
      "state" : {
        "revision" : "cec68169a048a079f461ba203fe85636548d7a89",
        "version" : "5.1.3"
      }
    }
  ],
  "version" : 2
}
